{
  "name": "info",
  "version": "1.0.0",
  "lockfileVersion": 1,
  "requires": true,
  "dependencies": {
    "systeminformation": {
      "version": "5.7.7",
      "resolved": "https://registry.npmjs.org/systeminformation/-/systeminformation-5.7.7.tgz",
      "integrity": "sha512-aQ7MBeVI2MKPYOi3YJAoZ45JVlRkBA7IXoqGgtVBamvtE0I6JLOyJzD/VVc9pnMXDb3yqaMwssAjhwtJax4/Rw=="
    }
  }
}
